{
  "name": "nodejs",
  "version": "1.0.0",
  "lockfileVersion": 2,
  "requires": true,
  "packages": {
    "": {
      "name": "nodejs",
      "version": "1.0.0",
      "dependencies": {
        "three": "0.143.0",
        "vblob": "1.0.2"
      }
    },
    "node_modules/@types/tmp": {
      "version": "0.0.33",
      "resolved": "https://registry.npmjs.org/@types/tmp/-/tmp-0.0.33.tgz",
      "integrity": "sha512-gVC1InwyVrO326wbBZw+AO3u2vRXz/iRWq9jYhpG4W8LXyIgDv3ZmcLQ5Q4Gs+gFMyqx+viFoFT+l3p61QFCmQ=="
    },
    "node_modules/eventtarget": {
      "version": "0.1.0",
      "resolved": "https://registry.npmjs.org/eventtarget/-/eventtarget-0.1.0.tgz",
      "integrity": "sha512-FV6ytoGZdjLv9sYEo0kGC2EHpM5RhOO8Ou7mwu0ByySlaBj8tbLolKejB6ucmEtEOJZb1HPKly1PiyAIcKnf3A=="
    },
    "node_modules/os-tmpdir": {
      "version": "1.0.2",
      "resolved": "https://registry.npmjs.org/os-tmpdir/-/os-tmpdir-1.0.2.tgz",
      "integrity": "sha512-D2FR03Vir7FIu45XBY20mTb+/ZSWB00sjU9jdQXt83gDrI4Ztz5Fs7/yy74g2N5SVQY4xY1qDr4rNddwYRVX0g==",
      "engines": {
        "node": ">=0.10.0"
      }
    },
    "node_modules/three": {
      "version": "0.143.0",
      "resolved": "https://registry.npmjs.org/three/-/three-0.143.0.tgz",
      "integrity": "sha512-oKcAGYHhJ46TGEuHjodo2n6TY2R6lbvrkp+feKZxqsUL/WkH7GKKaeu6RHeyb2Xjfk2dPLRKLsOP0KM2VgT8Zg=="
    },
    "node_modules/tmp": {
      "version": "0.0.33",
      "resolved": "https://registry.npmjs.org/tmp/-/tmp-0.0.33.tgz",
      "integrity": "sha512-jRCJlojKnZ3addtTOjdIqoRuPEKBvNXcGYqzO6zWZX8KfKEpnGY5jfggJQ3EjKuu8D4bJRr0y+cYJFmYbImXGw==",
      "dependencies": {
        "os-tmpdir": "~1.0.2"
      },
      "engines": {
        "node": ">=0.6.0"
      }
    },
    "node_modules/vblob": {
      "version": "1.0.2",
      "resolved": "https://registry.npmjs.org/vblob/-/vblob-1.0.2.tgz",
      "integrity": "sha512-7ZexHDhnlKNbySsYUxdlZCafvVLI8xpxOfjfSnW6HDooyJFjCF+Rw4vejhL3KeDWoDkuvoEhexRE+97GXTHW0g==",
      "dependencies": {
        "@types/node": "^9.4.0",
        "@types/tmp": "0.0.33",
        "eventtarget": "^0.1.0",
        "tmp": "0.0.33"
      }
    },
    "node_modules/vblob/node_modules/@types/node": {
      "version": "9.6.61",
      "resolved": "https://registry.npmjs.org/@types/node/-/node-9.6.61.tgz",
      "integrity": "sha512-/aKAdg5c8n468cYLy2eQrcR5k6chlbNwZNGUj3TboyPa2hcO2QAJcfymlqPzMiRj8B6nYKXjzQz36minFE0RwQ=="
    }
  },
  "dependencies": {
    "@types/tmp": {
      "version": "0.0.33",
      "resolved": "https://registry.npmjs.org/@types/tmp/-/tmp-0.0.33.tgz",
      "integrity": "sha512-gVC1InwyVrO326wbBZw+AO3u2vRXz/iRWq9jYhpG4W8LXyIgDv3ZmcLQ5Q4Gs+gFMyqx+viFoFT+l3p61QFCmQ=="
    },
    "eventtarget": {
      "version": "0.1.0",
      "resolved": "https://registry.npmjs.org/eventtarget/-/eventtarget-0.1.0.tgz",
      "integrity": "sha512-FV6ytoGZdjLv9sYEo0kGC2EHpM5RhOO8Ou7mwu0ByySlaBj8tbLolKejB6ucmEtEOJZb1HPKly1PiyAIcKnf3A=="
    },
    "os-tmpdir": {
      "version": "1.0.2",
      "resolved": "https://registry.npmjs.org/os-tmpdir/-/os-tmpdir-1.0.2.tgz",
      "integrity": "sha512-D2FR03Vir7FIu45XBY20mTb+/ZSWB00sjU9jdQXt83gDrI4Ztz5Fs7/yy74g2N5SVQY4xY1qDr4rNddwYRVX0g=="
    },
    "three": {
      "version": "0.143.0",
      "resolved": "https://registry.npmjs.org/three/-/three-0.143.0.tgz",
      "integrity": "sha512-oKcAGYHhJ46TGEuHjodo2n6TY2R6lbvrkp+feKZxqsUL/WkH7GKKaeu6RHeyb2Xjfk2dPLRKLsOP0KM2VgT8Zg=="
    },
    "tmp": {
      "version": "0.0.33",
      "resolved": "https://registry.npmjs.org/tmp/-/tmp-0.0.33.tgz",
      "integrity": "sha512-jRCJlojKnZ3addtTOjdIqoRuPEKBvNXcGYqzO6zWZX8KfKEpnGY5jfggJQ3EjKuu8D4bJRr0y+cYJFmYbImXGw==",
      "requires": {
        "os-tmpdir": "~1.0.2"
      }
    },
    "vblob": {
      "version": "1.0.2",
      "resolved": "https://registry.npmjs.org/vblob/-/vblob-1.0.2.tgz",
      "integrity": "sha512-7ZexHDhnlKNbySsYUxdlZCafvVLI8xpxOfjfSnW6HDooyJFjCF+Rw4vejhL3KeDWoDkuvoEhexRE+97GXTHW0g==",
      "requires": {
        "@types/node": "^9.4.0",
        "@types/tmp": "0.0.33",
        "eventtarget": "^0.1.0",
        "tmp": "0.0.33"
      },
      "dependencies": {
        "@types/node": {
          "version": "9.6.61",
          "resolved": "https://registry.npmjs.org/@types/node/-/node-9.6.61.tgz",
          "integrity": "sha512-/aKAdg5c8n468cYLy2eQrcR5k6chlbNwZNGUj3TboyPa2hcO2QAJcfymlqPzMiRj8B6nYKXjzQz36minFE0RwQ=="
        }
      }
    }
  }
}
